
Microsoft Visual Studio Solution File, Format Version 12.00
# Visual Studio Version 17
VisualStudioVersion = 17.9.34728.123
MinimumVisualStudioVersion = 10.0.40219.1
Project("{FAE04EC0-301F-11D3-BF4B-00C04F79EFBC}") = "Todolist", "Todolist\Todolist.csproj", "{09C8C7C5-1781-4820-AA52-3FA7A4B5A360}"
EndProject
Project("{FAE04EC0-301F-11D3-BF4B-00C04F79EFBC}") = "Todolist.Communication", "Todolist.Communication\Todolist.Communication.csproj", "{D12C2AD8-E4D1-4F92-92A3-E99BE338D651}"
EndProject
Project("{FAE04EC0-301F-11D3-BF4B-00C04F79EFBC}") = "Todolist.Application", "Todolist.Application\Todolist.Application.csproj", "{1A4991A7-8399-4FE3-BB86-393BE164E526}"
EndProject
Global
	GlobalSection(SolutionConfigurationPlatforms) = preSolution
		Debug|Any CPU = Debug|Any CPU
		Release|Any CPU = Release|Any CPU
	EndGlobalSection
	GlobalSection(ProjectConfigurationPlatforms) = postSolution
		{09C8C7C5-1781-4820-AA52-3FA7A4B5A360}.Debug|Any CPU.ActiveCfg = Debug|Any CPU
		{09C8C7C5-1781-4820-AA52-3FA7A4B5A360}.Debug|Any CPU.Build.0 = Debug|Any CPU
		{09C8C7C5-1781-4820-AA52-3FA7A4B5A360}.Release|Any CPU.ActiveCfg = Release|Any CPU
		{09C8C7C5-1781-4820-AA52-3FA7A4B5A360}.Release|Any CPU.Build.0 = Release|Any CPU
		{D12C2AD8-E4D1-4F92-92A3-E99BE338D651}.Debug|Any CPU.ActiveCfg = Debug|Any CPU
		{D12C2AD8-E4D1-4F92-92A3-E99BE338D651}.Debug|Any CPU.Build.0 = Debug|Any CPU
		{D12C2AD8-E4D1-4F92-92A3-E99BE338D651}.Release|Any CPU.ActiveCfg = Release|Any CPU
		{D12C2AD8-E4D1-4F92-92A3-E99BE338D651}.Release|Any CPU.Build.0 = Release|Any CPU
		{1A4991A7-8399-4FE3-BB86-393BE164E526}.Debug|Any CPU.ActiveCfg = Debug|Any CPU
		{1A4991A7-8399-4FE3-BB86-393BE164E526}.Debug|Any CPU.Build.0 = Debug|Any CPU
		{1A4991A7-8399-4FE3-BB86-393BE164E526}.Release|Any CPU.ActiveCfg = Release|Any CPU
		{1A4991A7-8399-4FE3-BB86-393BE164E526}.Release|Any CPU.Build.0 = Release|Any CPU
	EndGlobalSection
	GlobalSection(SolutionProperties) = preSolution
		HideSolutionNode = FALSE
	EndGlobalSection
	GlobalSection(ExtensibilityGlobals) = postSolution
		SolutionGuid = {413D3D67-DD45-435A-9740-37ABE91EEE31}
	EndGlobalSection
EndGlobal
